github.com/ThreeKing2018/gocolor v0.0.0-20190625094635-394e0e24c0d0 h1:fFoYXYxBFRE1exQedMZyFy4P1LHGJH1idubWhVuEJ0I=
github.com/ThreeKing2018/gocolor v0.0.0-20190625094635-394e0e24c0d0/go.mod h1:dG3aFVtzqgcYBEhVjC139oGBy2Z7C92+iyXNaiViDNM=
github.com/davecgh/go-spew v1.1.1 h1:vj9j/u1bqnvCEfJOwUhtlOARqs3+rkHYY13jYWTU97c=
github.com/davecgh/go-spew v1.1.1/go.mod h1:J7Y8YcW2NihsgmVo/mv3lAwl/skON4iLHjSsI+c5H38=
golang.org/x/sys v0.8.0 h1:EBmGv8NaZBZTWvrbjNoL6HVt+IVy3QDQpJs7VRIw3tU=
golang.org/x/sys v0.8.0/go.mod h1:oPkhp1MJrh7nUepCBck5+mAzfO9JrbApNNgaTdGDITg=
